
Microsoft Visual Studio Solution File, Format Version 12.00
# Visual Studio Version 17
VisualStudioVersion = 17.14.35906.104 d17.14
MinimumVisualStudioVersion = 10.0.40219.1
Project("{FAE04EC0-301F-11D3-BF4B-00C04F79EFBC}") = "Lab2", "Lab2\Lab2.csproj", "{2AF3634A-33FE-4336-B588-79F3386C3D57}"
EndProject
Global
	GlobalSection(SolutionConfigurationPlatforms) = preSolution
		Debug|Any CPU = Debug|Any CPU
		Release|Any CPU = Release|Any CPU
	EndGlobalSection
	GlobalSection(ProjectConfigurationPlatforms) = postSolution
		{2AF3634A-33FE-4336-B588-79F3386C3D57}.Debug|Any CPU.ActiveCfg = Debug|Any CPU
		{2AF3634A-33FE-4336-B588-79F3386C3D57}.Debug|Any CPU.Build.0 = Debug|Any CPU
		{2AF3634A-33FE-4336-B588-79F3386C3D57}.Release|Any CPU.ActiveCfg = Release|Any CPU
		{2AF3634A-33FE-4336-B588-79F3386C3D57}.Release|Any CPU.Build.0 = Release|Any CPU
	EndGlobalSection
	GlobalSection(SolutionProperties) = preSolution
		HideSolutionNode = FALSE
	EndGlobalSection
	GlobalSection(ExtensibilityGlobals) = postSolution
		SolutionGuid = {710715D3-0D4A-40E8-8900-C75CB99DFDE7}
	EndGlobalSection
EndGlobal
